
Microsoft Visual Studio Solution File, Format Version 12.00
# Visual Studio Express 15 for Windows Desktop
VisualStudioVersion = 15.0.28307.902
MinimumVisualStudioVersion = 10.0.40219.1
Project("{FAE04EC0-301F-11D3-BF4B-00C04F79EFBC}") = "SerializarJson", "SerializarJson\SerializarJson.csproj", "{2B004A66-5F7D-4DF4-8E04-4312F668645C}"
EndProject
Global
	GlobalSection(SolutionConfigurationPlatforms) = preSolution
		Debug|Any CPU = Debug|Any CPU
		Release|Any CPU = Release|Any CPU
	EndGlobalSection
	GlobalSection(ProjectConfigurationPlatforms) = postSolution
		{2B004A66-5F7D-4DF4-8E04-4312F668645C}.Debug|Any CPU.ActiveCfg = Debug|Any CPU
		{2B004A66-5F7D-4DF4-8E04-4312F668645C}.Debug|Any CPU.Build.0 = Debug|Any CPU
		{2B004A66-5F7D-4DF4-8E04-4312F668645C}.Release|Any CPU.ActiveCfg = Release|Any CPU
		{2B004A66-5F7D-4DF4-8E04-4312F668645C}.Release|Any CPU.Build.0 = Release|Any CPU
	EndGlobalSection
	GlobalSection(SolutionProperties) = preSolution
		HideSolutionNode = FALSE
	EndGlobalSection
	GlobalSection(ExtensibilityGlobals) = postSolution
		SolutionGuid = {7795010E-B5C6-4E29-AD49-839FB4B9CCC4}
	EndGlobalSection
EndGlobal
